
Microsoft Visual Studio Solution File, Format Version 12.00
# Visual Studio 14
VisualStudioVersion = 14.0.25420.1
MinimumVisualStudioVersion = 10.0.40219.1
Project("{FAE04EC0-301F-11D3-BF4B-00C04F79EFBC}") = "GUI", "GUI\GUI.csproj", "{1EAD6CB4-AF30-4E57-A569-2B000932F8DC}"
EndProject
Project("{FAE04EC0-301F-11D3-BF4B-00C04F79EFBC}") = "BUS", "BUS\BUS.csproj", "{ACB816CE-177B-4BA5-9E27-9944B6407DD1}"
EndProject
Project("{FAE04EC0-301F-11D3-BF4B-00C04F79EFBC}") = "DAO", "DAO\DAO.csproj", "{813117DC-577D-4B1A-9745-F50331866749}"
EndProject
Project("{FAE04EC0-301F-11D3-BF4B-00C04F79EFBC}") = "DTO", "DTO\DTO.csproj", "{D46BD0CD-00ED-4112-9F09-B53F59F14B0E}"
EndProject
Global
	GlobalSection(SolutionConfigurationPlatforms) = preSolution
		Debug|Any CPU = Debug|Any CPU
		Release|Any CPU = Release|Any CPU
	EndGlobalSection
	GlobalSection(ProjectConfigurationPlatforms) = postSolution
		{1EAD6CB4-AF30-4E57-A569-2B000932F8DC}.Debug|Any CPU.ActiveCfg = Debug|Any CPU
		{1EAD6CB4-AF30-4E57-A569-2B000932F8DC}.Debug|Any CPU.Build.0 = Debug|Any CPU
		{1EAD6CB4-AF30-4E57-A569-2B000932F8DC}.Release|Any CPU.ActiveCfg = Release|Any CPU
		{1EAD6CB4-AF30-4E57-A569-2B000932F8DC}.Release|Any CPU.Build.0 = Release|Any CPU
		{ACB816CE-177B-4BA5-9E27-9944B6407DD1}.Debug|Any CPU.ActiveCfg = Debug|Any CPU
		{ACB816CE-177B-4BA5-9E27-9944B6407DD1}.Debug|Any CPU.Build.0 = Debug|Any CPU
		{ACB816CE-177B-4BA5-9E27-9944B6407DD1}.Release|Any CPU.ActiveCfg = Release|Any CPU
		{ACB816CE-177B-4BA5-9E27-9944B6407DD1}.Release|Any CPU.Build.0 = Release|Any CPU
		{813117DC-577D-4B1A-9745-F50331866749}.Debug|Any CPU.ActiveCfg = Debug|Any CPU
		{813117DC-577D-4B1A-9745-F50331866749}.Debug|Any CPU.Build.0 = Debug|Any CPU
		{813117DC-577D-4B1A-9745-F50331866749}.Release|Any CPU.ActiveCfg = Release|Any CPU
		{813117DC-577D-4B1A-9745-F50331866749}.Release|Any CPU.Build.0 = Release|Any CPU
		{D46BD0CD-00ED-4112-9F09-B53F59F14B0E}.Debug|Any CPU.ActiveCfg = Debug|Any CPU
		{D46BD0CD-00ED-4112-9F09-B53F59F14B0E}.Debug|Any CPU.Build.0 = Debug|Any CPU
		{D46BD0CD-00ED-4112-9F09-B53F59F14B0E}.Release|Any CPU.ActiveCfg = Release|Any CPU
		{D46BD0CD-00ED-4112-9F09-B53F59F14B0E}.Release|Any CPU.Build.0 = Release|Any CPU
	EndGlobalSection
	GlobalSection(SolutionProperties) = preSolution
		HideSolutionNode = FALSE
	EndGlobalSection
EndGlobal
